
Microsoft Visual Studio Solution File, Format Version 12.00
# Visual Studio Version 17
VisualStudioVersion = 17.4.33213.308
MinimumVisualStudioVersion = 10.0.40219.1
Project("{9A19103F-16F7-4668-BE54-9A1E7A4F7556}") = "Legacy.Infrastructure", "Infrastructure\Legacy.Infrastructure.csproj", "{925D9363-E268-4F94-9781-3CB712DD0300}"
EndProject
Project("{2150E333-8FDC-42A3-9474-1A3956D46DE8}") = "Dep", "Dep", "{53E73FCD-388F-4CF0-AA94-633A29B5D2A0}"
EndProject
Project("{FAE04EC0-301F-11D3-BF4B-00C04F79EFBC}") = "ClassLibrary", "ClassLibrary\ClassLibrary.csproj", "{A24AC957-ED44-45A6-ADF9-ADB8AB39761D}"
EndProject
Project("{2150E333-8FDC-42A3-9474-1A3956D46DE8}") = "Client", "Client", "{AD8B460E-6DE9-43EF-94F1-159A917BA9F3}"
EndProject
Project("{9A19103F-16F7-4668-BE54-9A1E7A4F7556}") = "FUNERALMVVM", "FUNERALMVVM\FUNERALMVVM.csproj", "{384753D4-39EA-4316-AB8E-E98484C8388D}"
EndProject
Project("{2150E333-8FDC-42A3-9474-1A3956D46DE8}") = "DomainLayer", "DomainLayer", "{A1FE0E36-437C-4C27-BC95-545A6417C08A}"
EndProject
Project("{9A19103F-16F7-4668-BE54-9A1E7A4F7556}") = "Domain", "DomainLayer\Domain\Domain.csproj", "{D1D311F4-EFA1-4FEC-A5ED-C7347DE83BAD}"
EndProject
Project("{2150E333-8FDC-42A3-9474-1A3956D46DE8}") = "Infrastructure", "Infrastructure", "{67CE5D34-28C8-45AD-8896-7AA472A6E661}"
EndProject
Project("{2150E333-8FDC-42A3-9474-1A3956D46DE8}") = "ApplicationLayer", "ApplicationLayer", "{6CB3842F-90E2-4CFF-824B-EC55CE27B967}"
EndProject
Project("{9A19103F-16F7-4668-BE54-9A1E7A4F7556}") = "OrderManager", "Application\OrderManager\OrderManager.csproj", "{96550DF2-F7FD-447D-AC0A-F746CF9B5423}"
EndProject
Project("{9A19103F-16F7-4668-BE54-9A1E7A4F7556}") = "ORDCreator", "Application\ORDCreator\ORDCreator.csproj", "{AE9DA4F9-823D-460E-8AB3-A9B5E1159C0E}"
EndProject
Project("{2150E333-8FDC-42A3-9474-1A3956D46DE8}") = "Tests", "Tests", "{88CAD636-2B0D-478F-8B7A-628B97D15632}"
EndProject
Project("{9A19103F-16F7-4668-BE54-9A1E7A4F7556}") = "Tests", "Tests\Tests\Tests.csproj", "{3AE329B8-F766-4C37-A84E-C51B3BF76090}"
EndProject
Project("{9A19103F-16F7-4668-BE54-9A1E7A4F7556}") = "Worker", "Application\Worker\Worker.csproj", "{C7D00F56-2A97-4DCE-B8FD-FC523C9E0888}"
EndProject
Project("{9A19103F-16F7-4668-BE54-9A1E7A4F7556}") = "Shop", "Application\Shop\Shop.csproj", "{6A352163-E38A-4F06-B4DA-BC3C1A071FB8}"
EndProject
Global
	GlobalSection(SolutionConfigurationPlatforms) = preSolution
		Debug|Any CPU = Debug|Any CPU
		Release|Any CPU = Release|Any CPU
	EndGlobalSection
	GlobalSection(ProjectConfigurationPlatforms) = postSolution
		{925D9363-E268-4F94-9781-3CB712DD0300}.Debug|Any CPU.ActiveCfg = Debug|Any CPU
		{925D9363-E268-4F94-9781-3CB712DD0300}.Debug|Any CPU.Build.0 = Debug|Any CPU
		{925D9363-E268-4F94-9781-3CB712DD0300}.Release|Any CPU.ActiveCfg = Release|Any CPU
		{925D9363-E268-4F94-9781-3CB712DD0300}.Release|Any CPU.Build.0 = Release|Any CPU
		{A24AC957-ED44-45A6-ADF9-ADB8AB39761D}.Debug|Any CPU.ActiveCfg = Debug|Any CPU
		{A24AC957-ED44-45A6-ADF9-ADB8AB39761D}.Debug|Any CPU.Build.0 = Debug|Any CPU
		{A24AC957-ED44-45A6-ADF9-ADB8AB39761D}.Release|Any CPU.ActiveCfg = Release|Any CPU
		{A24AC957-ED44-45A6-ADF9-ADB8AB39761D}.Release|Any CPU.Build.0 = Release|Any CPU
		{384753D4-39EA-4316-AB8E-E98484C8388D}.Debug|Any CPU.ActiveCfg = Debug|Any CPU
		{384753D4-39EA-4316-AB8E-E98484C8388D}.Debug|Any CPU.Build.0 = Debug|Any CPU
		{384753D4-39EA-4316-AB8E-E98484C8388D}.Release|Any CPU.ActiveCfg = Release|Any CPU
		{384753D4-39EA-4316-AB8E-E98484C8388D}.Release|Any CPU.Build.0 = Release|Any CPU
		{D1D311F4-EFA1-4FEC-A5ED-C7347DE83BAD}.Debug|Any CPU.ActiveCfg = Debug|Any CPU
		{D1D311F4-EFA1-4FEC-A5ED-C7347DE83BAD}.Debug|Any CPU.Build.0 = Debug|Any CPU
		{D1D311F4-EFA1-4FEC-A5ED-C7347DE83BAD}.Release|Any CPU.ActiveCfg = Release|Any CPU
		{D1D311F4-EFA1-4FEC-A5ED-C7347DE83BAD}.Release|Any CPU.Build.0 = Release|Any CPU
		{96550DF2-F7FD-447D-AC0A-F746CF9B5423}.Debug|Any CPU.ActiveCfg = Debug|Any CPU
		{96550DF2-F7FD-447D-AC0A-F746CF9B5423}.Debug|Any CPU.Build.0 = Debug|Any CPU
		{96550DF2-F7FD-447D-AC0A-F746CF9B5423}.Release|Any CPU.ActiveCfg = Release|Any CPU
		{96550DF2-F7FD-447D-AC0A-F746CF9B5423}.Release|Any CPU.Build.0 = Release|Any CPU
		{AE9DA4F9-823D-460E-8AB3-A9B5E1159C0E}.Debug|Any CPU.ActiveCfg = Debug|Any CPU
		{AE9DA4F9-823D-460E-8AB3-A9B5E1159C0E}.Debug|Any CPU.Build.0 = Debug|Any CPU
		{AE9DA4F9-823D-460E-8AB3-A9B5E1159C0E}.Release|Any CPU.ActiveCfg = Release|Any CPU
		{AE9DA4F9-823D-460E-8AB3-A9B5E1159C0E}.Release|Any CPU.Build.0 = Release|Any CPU
		{3AE329B8-F766-4C37-A84E-C51B3BF76090}.Debug|Any CPU.ActiveCfg = Debug|Any CPU
		{3AE329B8-F766-4C37-A84E-C51B3BF76090}.Debug|Any CPU.Build.0 = Debug|Any CPU
		{3AE329B8-F766-4C37-A84E-C51B3BF76090}.Release|Any CPU.ActiveCfg = Release|Any CPU
		{C7D00F56-2A97-4DCE-B8FD-FC523C9E0888}.Debug|Any CPU.ActiveCfg = Debug|Any CPU
		{C7D00F56-2A97-4DCE-B8FD-FC523C9E0888}.Debug|Any CPU.Build.0 = Debug|Any CPU
		{C7D00F56-2A97-4DCE-B8FD-FC523C9E0888}.Release|Any CPU.ActiveCfg = Release|Any CPU
		{C7D00F56-2A97-4DCE-B8FD-FC523C9E0888}.Release|Any CPU.Build.0 = Release|Any CPU
		{6A352163-E38A-4F06-B4DA-BC3C1A071FB8}.Debug|Any CPU.ActiveCfg = Debug|Any CPU
		{6A352163-E38A-4F06-B4DA-BC3C1A071FB8}.Debug|Any CPU.Build.0 = Debug|Any CPU
		{6A352163-E38A-4F06-B4DA-BC3C1A071FB8}.Release|Any CPU.ActiveCfg = Release|Any CPU
		{6A352163-E38A-4F06-B4DA-BC3C1A071FB8}.Release|Any CPU.Build.0 = Release|Any CPU
	EndGlobalSection
	GlobalSection(SolutionProperties) = preSolution
		HideSolutionNode = FALSE
	EndGlobalSection
	GlobalSection(NestedProjects) = preSolution
		{925D9363-E268-4F94-9781-3CB712DD0300} = {67CE5D34-28C8-45AD-8896-7AA472A6E661}
		{A24AC957-ED44-45A6-ADF9-ADB8AB39761D} = {53E73FCD-388F-4CF0-AA94-633A29B5D2A0}
		{384753D4-39EA-4316-AB8E-E98484C8388D} = {AD8B460E-6DE9-43EF-94F1-159A917BA9F3}
		{D1D311F4-EFA1-4FEC-A5ED-C7347DE83BAD} = {A1FE0E36-437C-4C27-BC95-545A6417C08A}
		{96550DF2-F7FD-447D-AC0A-F746CF9B5423} = {6CB3842F-90E2-4CFF-824B-EC55CE27B967}
		{AE9DA4F9-823D-460E-8AB3-A9B5E1159C0E} = {6CB3842F-90E2-4CFF-824B-EC55CE27B967}
		{3AE329B8-F766-4C37-A84E-C51B3BF76090} = {88CAD636-2B0D-478F-8B7A-628B97D15632}
		{C7D00F56-2A97-4DCE-B8FD-FC523C9E0888} = {6CB3842F-90E2-4CFF-824B-EC55CE27B967}
		{6A352163-E38A-4F06-B4DA-BC3C1A071FB8} = {6CB3842F-90E2-4CFF-824B-EC55CE27B967}
	EndGlobalSection
	GlobalSection(ExtensibilityGlobals) = postSolution
		SolutionGuid = {DD543608-F7C6-494C-8230-5DA3F17FD226}
	EndGlobalSection
EndGlobal
