
Microsoft Visual Studio Solution File, Format Version 12.00
# Visual Studio Version 17
VisualStudioVersion = 17.4.33213.308
MinimumVisualStudioVersion = 10.0.40219.1
Project("{FAE04EC0-301F-11D3-BF4B-00C04F79EFBC}") = "ClassLibrary", "ClassLibrary\ClassLibrary.csproj", "{A24AC957-ED44-45A6-ADF9-ADB8AB39761D}"
EndProject
Project("{2150E333-8FDC-42A3-9474-1A3956D46DE8}") = "Client", "Client", "{AD8B460E-6DE9-43EF-94F1-159A917BA9F3}"
EndProject
Project("{9A19103F-16F7-4668-BE54-9A1E7A4F7556}") = "FUNERALMVVM", "FUNERALMVVM\FUNERALMVVM.csproj", "{384753D4-39EA-4316-AB8E-E98484C8388D}"
EndProject
Project("{2150E333-8FDC-42A3-9474-1A3956D46DE8}") = "DomainLayer", "DomainLayer", "{A1FE0E36-437C-4C27-BC95-545A6417C08A}"
EndProject
Project("{9A19103F-16F7-4668-BE54-9A1E7A4F7556}") = "Domain", "DomainLayer\Domain\Domain.csproj", "{D1D311F4-EFA1-4FEC-A5ED-C7347DE83BAD}"
EndProject
Project("{2150E333-8FDC-42A3-9474-1A3956D46DE8}") = "Infrastructure", "Infrastructure", "{67CE5D34-28C8-45AD-8896-7AA472A6E661}"
EndProject
Project("{2150E333-8FDC-42A3-9474-1A3956D46DE8}") = "ApplicationLayer", "ApplicationLayer", "{6CB3842F-90E2-4CFF-824B-EC55CE27B967}"
EndProject
Project("{9A19103F-16F7-4668-BE54-9A1E7A4F7556}") = "OrderManager", "Application\OrderManager\OrderManager.csproj", "{96550DF2-F7FD-447D-AC0A-F746CF9B5423}"
EndProject
Project("{9A19103F-16F7-4668-BE54-9A1E7A4F7556}") = "ORDCreator", "Application\ORDCreator\ORDCreator.csproj", "{AE9DA4F9-823D-460E-8AB3-A9B5E1159C0E}"
EndProject
Project("{9A19103F-16F7-4668-BE54-9A1E7A4F7556}") = "Worker", "Application\Worker\Worker.csproj", "{C7D00F56-2A97-4DCE-B8FD-FC523C9E0888}"
EndProject
Project("{9A19103F-16F7-4668-BE54-9A1E7A4F7556}") = "Shop", "Application\Shop\Shop.csproj", "{6A352163-E38A-4F06-B4DA-BC3C1A071FB8}"
EndProject
Project("{9A19103F-16F7-4668-BE54-9A1E7A4F7556}") = "BossInstruments", "Application\BossInstruments\BossInstruments.csproj", "{7F18B66F-169C-4630-BA5E-9B018C6545CB}"
EndProject
Project("{9A19103F-16F7-4668-BE54-9A1E7A4F7556}") = "Infrastructure", "Funeral.Infrastructure\Infrastructure\Infrastructure.csproj", "{E848C1FC-B578-4815-AB68-439A10B8528A}"
EndProject
Project("{9A19103F-16F7-4668-BE54-9A1E7A4F7556}") = "ConfigBoss", "Application\ConfigBoss\ConfigBoss.csproj", "{89251E93-AF6A-4665-9CA7-098EC7C0E2FF}"
EndProject
Project("{9A19103F-16F7-4668-BE54-9A1E7A4F7556}") = "IssueProvider", "Application\IssueProvider\IssueProvider.csproj", "{D16C737A-D4AE-4A35-91AF-9C05C340D4B7}"
EndProject
Project("{2150E333-8FDC-42A3-9474-1A3956D46DE8}") = "instal", "instal", "{B46CA564-5353-487D-88B1-3CBEE989D5BB}"
EndProject
Project("{9A19103F-16F7-4668-BE54-9A1E7A4F7556}") = "Installer", "Installer\Installer.csproj", "{346DEB4E-01C9-4F68-91ED-B9EC9C9939D8}"
EndProject
Project("{2150E333-8FDC-42A3-9474-1A3956D46DE8}") = "Update", "Update", "{FEE8E523-FD91-4629-88CF-8CF9056F03E7}"
EndProject
Project("{9A19103F-16F7-4668-BE54-9A1E7A4F7556}") = "Update", "Update\Update\Update.csproj", "{9E9AF296-93B4-4DD6-92FA-D86A201B3E8F}"
EndProject
Project("{FAE04EC0-301F-11D3-BF4B-00C04F79EFBC}") = "Installer.Framework472", "Installer472\Installer.Framework472\Installer.Framework472.csproj", "{E915F299-042A-4925-96C3-D4AA659FB7DE}"
EndProject
Project("{2150E333-8FDC-42A3-9474-1A3956D46DE8}") = "Tests", "Tests", "{2CFA8C92-8988-44FA-9BF8-067CB54DF404}"
EndProject
Project("{FAE04EC0-301F-11D3-BF4B-00C04F79EFBC}") = "OrderTest", "Tests\OrderTest\OrderTest.csproj", "{E7951EC0-BCC7-4CCB-AAB1-E377CA988A99}"
EndProject
Global
	GlobalSection(SolutionConfigurationPlatforms) = preSolution
		dbg|Any CPU = dbg|Any CPU
		Debug|Any CPU = Debug|Any CPU
		Release|Any CPU = Release|Any CPU
	EndGlobalSection
	GlobalSection(ProjectConfigurationPlatforms) = postSolution
		{A24AC957-ED44-45A6-ADF9-ADB8AB39761D}.dbg|Any CPU.ActiveCfg = dbg|Any CPU
		{A24AC957-ED44-45A6-ADF9-ADB8AB39761D}.dbg|Any CPU.Build.0 = dbg|Any CPU
		{A24AC957-ED44-45A6-ADF9-ADB8AB39761D}.Debug|Any CPU.ActiveCfg = Debug|Any CPU
		{A24AC957-ED44-45A6-ADF9-ADB8AB39761D}.Debug|Any CPU.Build.0 = Debug|Any CPU
		{A24AC957-ED44-45A6-ADF9-ADB8AB39761D}.Release|Any CPU.ActiveCfg = Release|Any CPU
		{A24AC957-ED44-45A6-ADF9-ADB8AB39761D}.Release|Any CPU.Build.0 = Release|Any CPU
		{384753D4-39EA-4316-AB8E-E98484C8388D}.dbg|Any CPU.ActiveCfg = dbg|Any CPU
		{384753D4-39EA-4316-AB8E-E98484C8388D}.dbg|Any CPU.Build.0 = dbg|Any CPU
		{384753D4-39EA-4316-AB8E-E98484C8388D}.Debug|Any CPU.ActiveCfg = Debug|Any CPU
		{384753D4-39EA-4316-AB8E-E98484C8388D}.Debug|Any CPU.Build.0 = Debug|Any CPU
		{384753D4-39EA-4316-AB8E-E98484C8388D}.Release|Any CPU.ActiveCfg = Release|Any CPU
		{384753D4-39EA-4316-AB8E-E98484C8388D}.Release|Any CPU.Build.0 = Release|Any CPU
		{D1D311F4-EFA1-4FEC-A5ED-C7347DE83BAD}.dbg|Any CPU.ActiveCfg = dbg|Any CPU
		{D1D311F4-EFA1-4FEC-A5ED-C7347DE83BAD}.dbg|Any CPU.Build.0 = dbg|Any CPU
		{D1D311F4-EFA1-4FEC-A5ED-C7347DE83BAD}.Debug|Any CPU.ActiveCfg = Debug|Any CPU
		{D1D311F4-EFA1-4FEC-A5ED-C7347DE83BAD}.Debug|Any CPU.Build.0 = Debug|Any CPU
		{D1D311F4-EFA1-4FEC-A5ED-C7347DE83BAD}.Release|Any CPU.ActiveCfg = Release|Any CPU
		{D1D311F4-EFA1-4FEC-A5ED-C7347DE83BAD}.Release|Any CPU.Build.0 = Release|Any CPU
		{96550DF2-F7FD-447D-AC0A-F746CF9B5423}.dbg|Any CPU.ActiveCfg = dbg|Any CPU
		{96550DF2-F7FD-447D-AC0A-F746CF9B5423}.dbg|Any CPU.Build.0 = dbg|Any CPU
		{96550DF2-F7FD-447D-AC0A-F746CF9B5423}.Debug|Any CPU.ActiveCfg = Debug|Any CPU
		{96550DF2-F7FD-447D-AC0A-F746CF9B5423}.Debug|Any CPU.Build.0 = Debug|Any CPU
		{96550DF2-F7FD-447D-AC0A-F746CF9B5423}.Release|Any CPU.ActiveCfg = Release|Any CPU
		{96550DF2-F7FD-447D-AC0A-F746CF9B5423}.Release|Any CPU.Build.0 = Release|Any CPU
		{AE9DA4F9-823D-460E-8AB3-A9B5E1159C0E}.dbg|Any CPU.ActiveCfg = dbg|Any CPU
		{AE9DA4F9-823D-460E-8AB3-A9B5E1159C0E}.dbg|Any CPU.Build.0 = dbg|Any CPU
		{AE9DA4F9-823D-460E-8AB3-A9B5E1159C0E}.Debug|Any CPU.ActiveCfg = Debug|Any CPU
		{AE9DA4F9-823D-460E-8AB3-A9B5E1159C0E}.Debug|Any CPU.Build.0 = Debug|Any CPU
		{AE9DA4F9-823D-460E-8AB3-A9B5E1159C0E}.Release|Any CPU.ActiveCfg = Release|Any CPU
		{AE9DA4F9-823D-460E-8AB3-A9B5E1159C0E}.Release|Any CPU.Build.0 = Release|Any CPU
		{C7D00F56-2A97-4DCE-B8FD-FC523C9E0888}.dbg|Any CPU.ActiveCfg = dbg|Any CPU
		{C7D00F56-2A97-4DCE-B8FD-FC523C9E0888}.dbg|Any CPU.Build.0 = dbg|Any CPU
		{C7D00F56-2A97-4DCE-B8FD-FC523C9E0888}.Debug|Any CPU.ActiveCfg = Debug|Any CPU
		{C7D00F56-2A97-4DCE-B8FD-FC523C9E0888}.Debug|Any CPU.Build.0 = Debug|Any CPU
		{C7D00F56-2A97-4DCE-B8FD-FC523C9E0888}.Release|Any CPU.ActiveCfg = Release|Any CPU
		{C7D00F56-2A97-4DCE-B8FD-FC523C9E0888}.Release|Any CPU.Build.0 = Release|Any CPU
		{6A352163-E38A-4F06-B4DA-BC3C1A071FB8}.dbg|Any CPU.ActiveCfg = dbg|Any CPU
		{6A352163-E38A-4F06-B4DA-BC3C1A071FB8}.dbg|Any CPU.Build.0 = dbg|Any CPU
		{6A352163-E38A-4F06-B4DA-BC3C1A071FB8}.Debug|Any CPU.ActiveCfg = Debug|Any CPU
		{6A352163-E38A-4F06-B4DA-BC3C1A071FB8}.Debug|Any CPU.Build.0 = Debug|Any CPU
		{6A352163-E38A-4F06-B4DA-BC3C1A071FB8}.Release|Any CPU.ActiveCfg = Release|Any CPU
		{6A352163-E38A-4F06-B4DA-BC3C1A071FB8}.Release|Any CPU.Build.0 = Release|Any CPU
		{7F18B66F-169C-4630-BA5E-9B018C6545CB}.dbg|Any CPU.ActiveCfg = dbg|Any CPU
		{7F18B66F-169C-4630-BA5E-9B018C6545CB}.dbg|Any CPU.Build.0 = dbg|Any CPU
		{7F18B66F-169C-4630-BA5E-9B018C6545CB}.Debug|Any CPU.ActiveCfg = Debug|Any CPU
		{7F18B66F-169C-4630-BA5E-9B018C6545CB}.Debug|Any CPU.Build.0 = Debug|Any CPU
		{7F18B66F-169C-4630-BA5E-9B018C6545CB}.Release|Any CPU.ActiveCfg = Release|Any CPU
		{7F18B66F-169C-4630-BA5E-9B018C6545CB}.Release|Any CPU.Build.0 = Release|Any CPU
		{E848C1FC-B578-4815-AB68-439A10B8528A}.dbg|Any CPU.ActiveCfg = dbg|Any CPU
		{E848C1FC-B578-4815-AB68-439A10B8528A}.dbg|Any CPU.Build.0 = dbg|Any CPU
		{E848C1FC-B578-4815-AB68-439A10B8528A}.Debug|Any CPU.ActiveCfg = Debug|Any CPU
		{E848C1FC-B578-4815-AB68-439A10B8528A}.Debug|Any CPU.Build.0 = Debug|Any CPU
		{E848C1FC-B578-4815-AB68-439A10B8528A}.Release|Any CPU.ActiveCfg = Release|Any CPU
		{E848C1FC-B578-4815-AB68-439A10B8528A}.Release|Any CPU.Build.0 = Release|Any CPU
		{89251E93-AF6A-4665-9CA7-098EC7C0E2FF}.dbg|Any CPU.ActiveCfg = Debug|Any CPU
		{89251E93-AF6A-4665-9CA7-098EC7C0E2FF}.dbg|Any CPU.Build.0 = Debug|Any CPU
		{89251E93-AF6A-4665-9CA7-098EC7C0E2FF}.Debug|Any CPU.ActiveCfg = Debug|Any CPU
		{89251E93-AF6A-4665-9CA7-098EC7C0E2FF}.Debug|Any CPU.Build.0 = Debug|Any CPU
		{89251E93-AF6A-4665-9CA7-098EC7C0E2FF}.Release|Any CPU.ActiveCfg = Release|Any CPU
		{89251E93-AF6A-4665-9CA7-098EC7C0E2FF}.Release|Any CPU.Build.0 = Release|Any CPU
		{D16C737A-D4AE-4A35-91AF-9C05C340D4B7}.dbg|Any CPU.ActiveCfg = Debug|Any CPU
		{D16C737A-D4AE-4A35-91AF-9C05C340D4B7}.dbg|Any CPU.Build.0 = Debug|Any CPU
		{D16C737A-D4AE-4A35-91AF-9C05C340D4B7}.Debug|Any CPU.ActiveCfg = Debug|Any CPU
		{D16C737A-D4AE-4A35-91AF-9C05C340D4B7}.Debug|Any CPU.Build.0 = Debug|Any CPU
		{D16C737A-D4AE-4A35-91AF-9C05C340D4B7}.Release|Any CPU.ActiveCfg = Release|Any CPU
		{D16C737A-D4AE-4A35-91AF-9C05C340D4B7}.Release|Any CPU.Build.0 = Release|Any CPU
		{346DEB4E-01C9-4F68-91ED-B9EC9C9939D8}.dbg|Any CPU.ActiveCfg = Debug|Any CPU
		{346DEB4E-01C9-4F68-91ED-B9EC9C9939D8}.dbg|Any CPU.Build.0 = Debug|Any CPU
		{346DEB4E-01C9-4F68-91ED-B9EC9C9939D8}.Debug|Any CPU.ActiveCfg = Debug|Any CPU
		{346DEB4E-01C9-4F68-91ED-B9EC9C9939D8}.Debug|Any CPU.Build.0 = Debug|Any CPU
		{346DEB4E-01C9-4F68-91ED-B9EC9C9939D8}.Release|Any CPU.ActiveCfg = Release|Any CPU
		{346DEB4E-01C9-4F68-91ED-B9EC9C9939D8}.Release|Any CPU.Build.0 = Release|Any CPU
		{9E9AF296-93B4-4DD6-92FA-D86A201B3E8F}.dbg|Any CPU.ActiveCfg = Debug|Any CPU
		{9E9AF296-93B4-4DD6-92FA-D86A201B3E8F}.dbg|Any CPU.Build.0 = Debug|Any CPU
		{9E9AF296-93B4-4DD6-92FA-D86A201B3E8F}.Debug|Any CPU.ActiveCfg = Debug|Any CPU
		{9E9AF296-93B4-4DD6-92FA-D86A201B3E8F}.Debug|Any CPU.Build.0 = Debug|Any CPU
		{9E9AF296-93B4-4DD6-92FA-D86A201B3E8F}.Release|Any CPU.ActiveCfg = Release|Any CPU
		{9E9AF296-93B4-4DD6-92FA-D86A201B3E8F}.Release|Any CPU.Build.0 = Release|Any CPU
		{E915F299-042A-4925-96C3-D4AA659FB7DE}.dbg|Any CPU.ActiveCfg = Debug|Any CPU
		{E915F299-042A-4925-96C3-D4AA659FB7DE}.dbg|Any CPU.Build.0 = Debug|Any CPU
		{E915F299-042A-4925-96C3-D4AA659FB7DE}.Debug|Any CPU.ActiveCfg = Debug|Any CPU
		{E915F299-042A-4925-96C3-D4AA659FB7DE}.Debug|Any CPU.Build.0 = Debug|Any CPU
		{E915F299-042A-4925-96C3-D4AA659FB7DE}.Release|Any CPU.ActiveCfg = Release|Any CPU
		{E915F299-042A-4925-96C3-D4AA659FB7DE}.Release|Any CPU.Build.0 = Release|Any CPU
		{E7951EC0-BCC7-4CCB-AAB1-E377CA988A99}.dbg|Any CPU.ActiveCfg = Debug|Any CPU
		{E7951EC0-BCC7-4CCB-AAB1-E377CA988A99}.dbg|Any CPU.Build.0 = Debug|Any CPU
		{E7951EC0-BCC7-4CCB-AAB1-E377CA988A99}.Debug|Any CPU.ActiveCfg = Debug|Any CPU
		{E7951EC0-BCC7-4CCB-AAB1-E377CA988A99}.Debug|Any CPU.Build.0 = Debug|Any CPU
		{E7951EC0-BCC7-4CCB-AAB1-E377CA988A99}.Release|Any CPU.ActiveCfg = Release|Any CPU
		{E7951EC0-BCC7-4CCB-AAB1-E377CA988A99}.Release|Any CPU.Build.0 = Release|Any CPU
	EndGlobalSection
	GlobalSection(SolutionProperties) = preSolution
		HideSolutionNode = FALSE
	EndGlobalSection
	GlobalSection(NestedProjects) = preSolution
		{A24AC957-ED44-45A6-ADF9-ADB8AB39761D} = {6CB3842F-90E2-4CFF-824B-EC55CE27B967}
		{384753D4-39EA-4316-AB8E-E98484C8388D} = {AD8B460E-6DE9-43EF-94F1-159A917BA9F3}
		{D1D311F4-EFA1-4FEC-A5ED-C7347DE83BAD} = {A1FE0E36-437C-4C27-BC95-545A6417C08A}
		{96550DF2-F7FD-447D-AC0A-F746CF9B5423} = {6CB3842F-90E2-4CFF-824B-EC55CE27B967}
		{AE9DA4F9-823D-460E-8AB3-A9B5E1159C0E} = {6CB3842F-90E2-4CFF-824B-EC55CE27B967}
		{C7D00F56-2A97-4DCE-B8FD-FC523C9E0888} = {6CB3842F-90E2-4CFF-824B-EC55CE27B967}
		{6A352163-E38A-4F06-B4DA-BC3C1A071FB8} = {6CB3842F-90E2-4CFF-824B-EC55CE27B967}
		{7F18B66F-169C-4630-BA5E-9B018C6545CB} = {6CB3842F-90E2-4CFF-824B-EC55CE27B967}
		{E848C1FC-B578-4815-AB68-439A10B8528A} = {67CE5D34-28C8-45AD-8896-7AA472A6E661}
		{89251E93-AF6A-4665-9CA7-098EC7C0E2FF} = {6CB3842F-90E2-4CFF-824B-EC55CE27B967}
		{D16C737A-D4AE-4A35-91AF-9C05C340D4B7} = {6CB3842F-90E2-4CFF-824B-EC55CE27B967}
		{346DEB4E-01C9-4F68-91ED-B9EC9C9939D8} = {B46CA564-5353-487D-88B1-3CBEE989D5BB}
		{9E9AF296-93B4-4DD6-92FA-D86A201B3E8F} = {FEE8E523-FD91-4629-88CF-8CF9056F03E7}
		{E915F299-042A-4925-96C3-D4AA659FB7DE} = {B46CA564-5353-487D-88B1-3CBEE989D5BB}
		{E7951EC0-BCC7-4CCB-AAB1-E377CA988A99} = {2CFA8C92-8988-44FA-9BF8-067CB54DF404}
	EndGlobalSection
	GlobalSection(ExtensibilityGlobals) = postSolution
		SolutionGuid = {DD543608-F7C6-494C-8230-5DA3F17FD226}
	EndGlobalSection
EndGlobal
